
Microsoft Visual Studio Solution File, Format Version 12.00
# Visual Studio Version 17
VisualStudioVersion = 17.7.34024.191
MinimumVisualStudioVersion = 10.0.40219.1
Project("{9A19103F-16F7-4668-BE54-9A1E7A4F7556}") = "demoWPF", "demoWPF\demoWPF.csproj", "{C44A9C2E-F0BF-46E1-8F5C-FEAA1A101955}"
EndProject
Project("{9A19103F-16F7-4668-BE54-9A1E7A4F7556}") = "SideBar", "SideBar\SideBar.csproj", "{AF424B47-1CD6-41F5-BDFA-ECCAB82E75C2}"
EndProject
Project("{9A19103F-16F7-4668-BE54-9A1E7A4F7556}") = "FilePathGenerator", "FilePathGenerator\FilePathGenerator.csproj", "{84447719-91A7-4B98-8AD0-7FD3660B1616}"
EndProject
Project("{FAE04EC0-301F-11D3-BF4B-00C04F79EFBC}") = "WpfMaterial", "WpfMaterial\WpfMaterial.csproj", "{F1EA022D-415C-4AFB-9E96-107190BC269C}"
EndProject
Global
	GlobalSection(SolutionConfigurationPlatforms) = preSolution
		Debug|Any CPU = Debug|Any CPU
		Release|Any CPU = Release|Any CPU
	EndGlobalSection
	GlobalSection(ProjectConfigurationPlatforms) = postSolution
		{C44A9C2E-F0BF-46E1-8F5C-FEAA1A101955}.Debug|Any CPU.ActiveCfg = Debug|Any CPU
		{C44A9C2E-F0BF-46E1-8F5C-FEAA1A101955}.Debug|Any CPU.Build.0 = Debug|Any CPU
		{C44A9C2E-F0BF-46E1-8F5C-FEAA1A101955}.Release|Any CPU.ActiveCfg = Release|Any CPU
		{C44A9C2E-F0BF-46E1-8F5C-FEAA1A101955}.Release|Any CPU.Build.0 = Release|Any CPU
		{AF424B47-1CD6-41F5-BDFA-ECCAB82E75C2}.Debug|Any CPU.ActiveCfg = Debug|Any CPU
		{AF424B47-1CD6-41F5-BDFA-ECCAB82E75C2}.Debug|Any CPU.Build.0 = Debug|Any CPU
		{AF424B47-1CD6-41F5-BDFA-ECCAB82E75C2}.Release|Any CPU.ActiveCfg = Release|Any CPU
		{AF424B47-1CD6-41F5-BDFA-ECCAB82E75C2}.Release|Any CPU.Build.0 = Release|Any CPU
		{84447719-91A7-4B98-8AD0-7FD3660B1616}.Debug|Any CPU.ActiveCfg = Debug|Any CPU
		{84447719-91A7-4B98-8AD0-7FD3660B1616}.Debug|Any CPU.Build.0 = Debug|Any CPU
		{84447719-91A7-4B98-8AD0-7FD3660B1616}.Release|Any CPU.ActiveCfg = Release|Any CPU
		{84447719-91A7-4B98-8AD0-7FD3660B1616}.Release|Any CPU.Build.0 = Release|Any CPU
		{F1EA022D-415C-4AFB-9E96-107190BC269C}.Debug|Any CPU.ActiveCfg = Debug|Any CPU
		{F1EA022D-415C-4AFB-9E96-107190BC269C}.Debug|Any CPU.Build.0 = Debug|Any CPU
		{F1EA022D-415C-4AFB-9E96-107190BC269C}.Release|Any CPU.ActiveCfg = Release|Any CPU
		{F1EA022D-415C-4AFB-9E96-107190BC269C}.Release|Any CPU.Build.0 = Release|Any CPU
	EndGlobalSection
	GlobalSection(SolutionProperties) = preSolution
		HideSolutionNode = FALSE
	EndGlobalSection
	GlobalSection(ExtensibilityGlobals) = postSolution
		SolutionGuid = {1BE2F371-D545-4A3D-B0FA-B1553B22663A}
	EndGlobalSection
EndGlobal
